
Microsoft Visual Studio Solution File, Format Version 12.00
# Visual Studio Version 16
VisualStudioVersion = 16.0.31702.278
MinimumVisualStudioVersion = 10.0.40219.1
Project("{FAE04EC0-301F-11D3-BF4B-00C04F79EFBC}") = "MyNotes", "MyNotes\MyNotes.csproj", "{78C26B76-0339-47CC-87BA-D8A5CF0322FE}"
EndProject
Global
	GlobalSection(SolutionConfigurationPlatforms) = preSolution
		Debug|Any CPU = Debug|Any CPU
		Release|Any CPU = Release|Any CPU
	EndGlobalSection
	GlobalSection(ProjectConfigurationPlatforms) = postSolution
		{78C26B76-0339-47CC-87BA-D8A5CF0322FE}.Debug|Any CPU.ActiveCfg = Debug|Any CPU
		{78C26B76-0339-47CC-87BA-D8A5CF0322FE}.Debug|Any CPU.Build.0 = Debug|Any CPU
		{78C26B76-0339-47CC-87BA-D8A5CF0322FE}.Release|Any CPU.ActiveCfg = Release|Any CPU
		{78C26B76-0339-47CC-87BA-D8A5CF0322FE}.Release|Any CPU.Build.0 = Release|Any CPU
	EndGlobalSection
	GlobalSection(SolutionProperties) = preSolution
		HideSolutionNode = FALSE
	EndGlobalSection
	GlobalSection(ExtensibilityGlobals) = postSolution
		SolutionGuid = {D1909576-850E-49DA-BAB2-FD73E6222369}
	EndGlobalSection
EndGlobal
